<?xml version="1.0" encoding="utf-8"?>
<Project ToolsVersion="4.0" xmlns="http://schemas.microsoft.com/developer/msbuild/2003">
  <ItemGroup>
    <Filter Include="Source Files">
      <UniqueIdentifier>{4FC737F1-C7A5-4376-A066-2A32D752A2FF}</UniqueIdentifier>
      <Extensions>cpp;c;cc;cxx;def;odl;idl;hpj;bat;asm;asmx</Extensions>
    </Filter>
    <Filter Include="Header Files">
      <UniqueIdentifier>{93995380-89BD-4b04-88EB-625FBE52EBFB}</UniqueIdentifier>
      <Extensions>h;hh;hpp;hxx;hm;inl;inc;ipp;xsd</Extensions>
    </Filter>
    <Filter Include="Resource Files">
      <UniqueIdentifier>{67DA6AB6-F800-4c08-8B7A-83BB121AAD01}</UniqueIdentifier>
      <Extensions>rc;ico;cur;bmp;dlg;rc2;rct;bin;rgs;gif;jpg;jpeg;jpe;resx;tiff;tif;png;wav;mfcribbon-ms</Extensions>
    </Filter>
    <Filter Include="Header Files\Kriteria">
      <UniqueIdentifier>{a3c3389c-4a23-4c48-93a2-3cc25d743e37}</UniqueIdentifier>
    </Filter>
    <Filter Include="Source Files\Kriteria">
      <UniqueIdentifier>{0026ae4f-c00c-4972-964d-8e7dc04931ee}</UniqueIdentifier>
    </Filter>
    <Filter Include="Header Files\structures">
      <UniqueIdentifier>{f87052cb-6395-4a41-a4a3-e8886318f738}</UniqueIdentifier>
    </Filter>
    <Filter Include="Source Files\structures">
      <UniqueIdentifier>{26a1ce11-3227-4e9d-893d-e04a1b094406}</UniqueIdentifier>
    </Filter>
    <Filter Include="Header Files\Filtre">
      <UniqueIdentifier>{c82989ce-64a7-4928-a71d-5280aaa679c2}</UniqueIdentifier>
    </Filter>
    <Filter Include="Source Files\Filtre">
      <UniqueIdentifier>{8a2b8635-fe35-45b0-bf89-d68f8f00fd8b}</UniqueIdentifier>
    </Filter>
  </ItemGroup>
  <ItemGroup>
    <ClInclude Include="Kriterium.h">
      <Filter>Header Files\Kriteria</Filter>
    </ClInclude>
    <ClInclude Include="KriteriumNazov.h">
      <Filter>Header Files\Kriteria</Filter>
    </ClInclude>
    <ClInclude Include="structures\array\array.h">
      <Filter>Header Files\structures</Filter>
    </ClInclude>
    <ClInclude Include="structures\list\array_list.h">
      <Filter>Header Files\structures</Filter>
    </ClInclude>
    <ClInclude Include="structures\graph\bi_star_graph.h">
      <Filter>Header Files\structures</Filter>
    </ClInclude>
    <ClInclude Include="structures\table\binary_search_tree.h">
      <Filter>Header Files\structures</Filter>
    </ClInclude>
    <ClInclude Include="structures\tree\binary_tree.h">
      <Filter>Header Files\structures</Filter>
    </ClInclude>
    <ClInclude Include="structures\table\sorting\bubble_sort.h">
      <Filter>Header Files\structures</Filter>
    </ClInclude>
    <ClInclude Include="structures\graph\algorithms\dijkstra.h">
      <Filter>Header Files\structures</Filter>
    </ClInclude>
    <ClInclude Include="structures\ds_routines.h">
      <Filter>Header Files\structures</Filter>
    </ClInclude>
    <ClInclude Include="structures\ds_structure_types.h">
      <Filter>Header Files\structures</Filter>
    </ClInclude>
    <ClInclude Include="structures\queue\explicit_queue.h">
      <Filter>Header Files\structures</Filter>
    </ClInclude>
    <ClInclude Include="structures\stack\explicit_stack.h">
      <Filter>Header Files\structures</Filter>
    </ClInclude>
    <ClInclude Include="structures\graph\forward_star_graph.h">
      <Filter>Header Files\structures</Filter>
    </ClInclude>
    <ClInclude Include="structures\graph\graph.h">
      <Filter>Header Files\structures</Filter>
    </ClInclude>
    <ClInclude Include="structures\graph\graph_with_registration.h">
      <Filter>Header Files\structures</Filter>
    </ClInclude>
    <ClInclude Include="structures\table\hash_table.h">
      <Filter>Header Files\structures</Filter>
    </ClInclude>
    <ClInclude Include="structures\priority_queue\heap.h">
      <Filter>Header Files\structures</Filter>
    </ClInclude>
    <ClInclude Include="structures\heap_monitor.h">
      <Filter>Header Files\structures</Filter>
    </ClInclude>
    <ClInclude Include="structures\table\sorting\heap_sort.h">
      <Filter>Header Files\structures</Filter>
    </ClInclude>
    <ClInclude Include="structures\queue\implicit_queue.h">
      <Filter>Header Files\structures</Filter>
    </ClInclude>
    <ClInclude Include="structures\stack\implicit_stack.h">
      <Filter>Header Files\structures</Filter>
    </ClInclude>
    <ClInclude Include="structures\table\sorting\insert_sort.h">
      <Filter>Header Files\structures</Filter>
    </ClInclude>
    <ClInclude Include="structures\tree\k_way_tree.h">
      <Filter>Header Files\structures</Filter>
    </ClInclude>
    <ClInclude Include="structures\list\linked_list.h">
      <Filter>Header Files\structures</Filter>
    </ClInclude>
    <ClInclude Include="structures\table\linked_table.h">
      <Filter>Header Files\structures</Filter>
    </ClInclude>
    <ClInclude Include="structures\list\list.h">
      <Filter>Header Files\structures</Filter>
    </ClInclude>
    <ClInclude Include="structures\memory_routines.h">
      <Filter>Header Files\structures</Filter>
    </ClInclude>
    <ClInclude Include="structures\table\sorting\merge_sort.h">
      <Filter>Header Files\structures</Filter>
    </ClInclude>
    <ClInclude Include="structures\tree\multi_way_tree.h">
      <Filter>Header Files\structures</Filter>
    </ClInclude>
    <ClInclude Include="structures\priority_queue\priority_queue.h">
      <Filter>Header Files\structures</Filter>
    </ClInclude>
    <ClInclude Include="structures\priority_queue\priority_queue_limited_sorted_array_list.h">
      <Filter>Header Files\structures</Filter>
    </ClInclude>
    <ClInclude Include="structures\priority_queue\priority_queue_linked_list.h">
      <Filter>Header Files\structures</Filter>
    </ClInclude>
    <ClInclude Include="structures\priority_queue\priority_queue_list.h">
      <Filter>Header Files\structures</Filter>
    </ClInclude>
    <ClInclude Include="structures\priority_queue\priority_queue_sorted_array_list.h">
      <Filter>Header Files\structures</Filter>
    </ClInclude>
    <ClInclude Include="structures\priority_queue\priority_queue_two_lists.h">
      <Filter>Header Files\structures</Filter>
    </ClInclude>
    <ClInclude Include="structures\priority_queue\priority_queue_unsorted_array_list.h">
      <Filter>Header Files\structures</Filter>
    </ClInclude>
    <ClInclude Include="structures\queue\queue.h">
      <Filter>Header Files\structures</Filter>
    </ClInclude>
    <ClInclude Include="structures\table\sorting\quick_sort.h">
      <Filter>Header Files\structures</Filter>
    </ClInclude>
    <ClInclude Include="structures\table\sorting\radix_sort.h">
      <Filter>Header Files\structures</Filter>
    </ClInclude>
    <ClInclude Include="structures\table\sorting\select_sort.h">
      <Filter>Header Files\structures</Filter>
    </ClInclude>
    <ClInclude Include="structures\table\sequence_table.h">
      <Filter>Header Files\structures</Filter>
    </ClInclude>
    <ClInclude Include="structures\table\sorting\shell_sort.h">
      <Filter>Header Files\structures</Filter>
    </ClInclude>
    <ClInclude Include="structures\table\sorting\shuffle.h">
      <Filter>Header Files\structures</Filter>
    </ClInclude>
    <ClInclude Include="structures\table\sorting\sort.h">
      <Filter>Header Files\structures</Filter>
    </ClInclude>
    <ClInclude Include="structures\table\sorted_sequence_table.h">
      <Filter>Header Files\structures</Filter>
    </ClInclude>
    <ClInclude Include="structures\stack\stack.h">
      <Filter>Header Files\structures</Filter>
    </ClInclude>
    <ClInclude Include="structures\structure.h">
      <Filter>Header Files\structures</Filter>
    </ClInclude>
    <ClInclude Include="structures\structure_iterator.h">
      <Filter>Header Files\structures</Filter>
    </ClInclude>
    <ClInclude Include="structures\table\table.h">
      <Filter>Header Files\structures</Filter>
    </ClInclude>
    <ClInclude Include="structures\table\treap.h">
      <Filter>Header Files\structures</Filter>
    </ClInclude>
    <ClInclude Include="structures\tree\tree.h">
      <Filter>Header Files\structures</Filter>
    </ClInclude>
    <ClInclude Include="structures\table\unsorted_sequence_table.h">
      <Filter>Header Files\structures</Filter>
    </ClInclude>
    <ClInclude Include="structures\vector\vector.h">
      <Filter>Header Files\structures</Filter>
    </ClInclude>
    <ClInclude Include="Menu.h">
      <Filter>Header Files</Filter>
    </ClInclude>
    <ClInclude Include="DataObec.h">
      <Filter>Header Files</Filter>
    </ClInclude>
    <ClInclude Include="Filterfi.h">
      <Filter>Header Files\Filtre</Filter>
    </ClInclude>
    <ClInclude Include="Filter_FI.h">
      <Filter>Header Files\Filtre</Filter>
    </ClInclude>
    <ClInclude Include="Data.h">
      <Filter>Header Files</Filter>
    </ClInclude>
    <ClInclude Include="Filter.h">
      <Filter>Header Files\Filtre</Filter>
    </ClInclude>
    <ClInclude Include="FilterNazov.h">
      <Filter>Header Files\Filtre</Filter>
    </ClInclude>
    <ClInclude Include="KriteriumVolici.h">
      <Filter>Header Files\Kriteria</Filter>
    </ClInclude>
    <ClInclude Include="KriteriumVydaneObalky.h">
      <Filter>Header Files\Kriteria</Filter>
    </ClInclude>
    <ClInclude Include="KriteriumUcast.h">
      <Filter>Header Files\Kriteria</Filter>
    </ClInclude>
    <ClInclude Include="KriteriumOdovzdaneObalky.h">
      <Filter>Header Files\Kriteria</Filter>
    </ClInclude>
  </ItemGroup>
  <ItemGroup>
    <ClCompile Include="main.cpp">
      <Filter>Source Files</Filter>
    </ClCompile>
    <ClCompile Include="structures\vector\vector.cpp">
      <Filter>Source Files\structures</Filter>
    </ClCompile>
    <ClCompile Include="structures\structure.cpp">
      <Filter>Source Files\structures</Filter>
    </ClCompile>
    <ClCompile Include="structures\table\sorting\sort.cpp">
      <Filter>Source Files\structures</Filter>
    </ClCompile>
    <ClCompile Include="structures\memory_routines.cpp">
      <Filter>Source Files\structures</Filter>
    </ClCompile>
    <ClCompile Include="structures\graph\graph_with_registration.cpp">
      <Filter>Source Files\structures</Filter>
    </ClCompile>
    <ClCompile Include="structures\graph\graph.cpp">
      <Filter>Source Files\structures</Filter>
    </ClCompile>
    <ClCompile Include="structures\graph\forward_star_graph.cpp">
      <Filter>Source Files\structures</Filter>
    </ClCompile>
    <ClCompile Include="structures\ds_routines.cpp">
      <Filter>Source Files\structures</Filter>
    </ClCompile>
    <ClCompile Include="structures\graph\algorithms\dijkstra.cpp">
      <Filter>Source Files\structures</Filter>
    </ClCompile>
    <ClCompile Include="structures\graph\bi_star_graph.cpp">
      <Filter>Source Files\structures</Filter>
    </ClCompile>
    <ClCompile Include="Menu.cpp">
      <Filter>Source Files</Filter>
    </ClCompile>
    <ClCompile Include="DataObec.cpp">
      <Filter>Source Files</Filter>
    </ClCompile>
    <ClCompile Include="Data.cpp">
      <Filter>Source Files</Filter>
    </ClCompile>
  </ItemGroup>
  <ItemGroup>
    <Natvis Include="aus.natvis" />
  </ItemGroup>
</Project>